// !$*UTF8*$!
{
	archiveVersion = 1;
	classes = {
	};
	objectVersion = 46;
	objects = {

/* Begin PBXBuildFile section */
		B5080E4A15219CFA00DC495A /* buffer.cpp in Sources */ = {isa = PBXBuildFile; fileRef = B5080E4615219CFA00DC495A /* buffer.cpp */; };
		B5080E4B15219CFA00DC495A /* exception.cpp in Sources */ = {isa = PBXBuildFile; fileRef = B5080E4715219CFA00DC495A /* exception.cpp */; };
		B5080E4C15219CFA00DC495A /* file-posix.cpp in Sources */ = {isa = PBXBuildFile; fileRef = B5080E4815219CFA00DC495A /* file-posix.cpp */; };
		B5080E4D15219CFA00DC495A /* file.cpp in Sources */ = {isa = PBXBuildFile; fileRef = B5080E4915219CFA00DC495A /* file.cpp */; };
		B5080E5315219D1600DC495A /* buffer.h in Headers */ = {isa = PBXBuildFile; fileRef = B5080E4E15219D1600DC495A /* buffer.h */; };
		B5080E5415219D1600DC495A /* file-posix.h in Headers */ = {isa = PBXBuildFile; fileRef = B5080E4F15219D1600DC495A /* file-posix.h */; };
		B5080E5515219D1600DC495A /* file.h in Headers */ = {isa = PBXBuildFile; fileRef = B5080E5015219D1600DC495A /* file.h */; };
		B5080E5615219D1600DC495A /* iterator.h in Headers */ = {isa = PBXBuildFile; fileRef = B5080E5115219D1600DC495A /* iterator.h */; };
		B5080E5715219D1600DC495A /* stream.h in Headers */ = {isa = PBXBuildFile; fileRef = B5080E5215219D1600DC495A /* stream.h */; };
		B5080E5C15219DEA00DC495A /* bitmap.h in Headers */ = {isa = PBXBuildFile; fileRef = B5080E5815219DE900DC495A /* bitmap.h */; };
		B5080E5D15219DEA00DC495A /* button.h in Headers */ = {isa = PBXBuildFile; fileRef = B5080E5915219DEA00DC495A /* button.h */; };
		B5080E5E15219DEA00DC495A /* widget.h in Headers */ = {isa = PBXBuildFile; fileRef = B5080E5A15219DEA00DC495A /* widget.h */; };
		B5080E5F15219DEA00DC495A /* window.h in Headers */ = {isa = PBXBuildFile; fileRef = B5080E5B15219DEA00DC495A /* window.h */; };
		B5080E6115219DF600DC495A /* ft.h in Headers */ = {isa = PBXBuildFile; fileRef = B5080E6015219DF600DC495A /* ft.h */; };
		B5080E6515219E0A00DC495A /* bitmap.cpp in Sources */ = {isa = PBXBuildFile; fileRef = B5080E6215219E0A00DC495A /* bitmap.cpp */; };
		B5080E6615219E0A00DC495A /* button.cpp in Sources */ = {isa = PBXBuildFile; fileRef = B5080E6315219E0A00DC495A /* button.cpp */; };
		B5080E6715219E0A00DC495A /* widget.cpp in Sources */ = {isa = PBXBuildFile; fileRef = B5080E6415219E0A00DC495A /* widget.cpp */; };
		B5080E6915219E1500DC495A /* ft.cpp in Sources */ = {isa = PBXBuildFile; fileRef = B5080E6815219E1500DC495A /* ft.cpp */; };
		B5080E6B15219EF700DC495A /* OpenGL.framework in Frameworks */ = {isa = PBXBuildFile; fileRef = B5080E6A15219EF700DC495A /* OpenGL.framework */; };
		B5080E6D15219F0000DC495A /* GLUT.framework in Frameworks */ = {isa = PBXBuildFile; fileRef = B5080E6C15219F0000DC495A /* GLUT.framework */; };
		B5080E6F15219F0A00DC495A /* Cocoa.framework in Frameworks */ = {isa = PBXBuildFile; fileRef = B5080E6E15219F0A00DC495A /* Cocoa.framework */; };
		B5080E711521A06B00DC495A /* FreeType.framework in Frameworks */ = {isa = PBXBuildFile; fileRef = B5080E701521A06B00DC495A /* FreeType.framework */; };
		B50947C2142C8D2400F3449C /* test-utils.cpp in Sources */ = {isa = PBXBuildFile; fileRef = B50947C1142C8D2400F3449C /* test-utils.cpp */; };
		B53669C014487848001374A8 /* test-glut.cpp in Sources */ = {isa = PBXBuildFile; fileRef = B53669BF14487848001374A8 /* test-glut.cpp */; };
		B5FE5545144C765300EFD75F /* test-cocoa.cpp in Sources */ = {isa = PBXBuildFile; fileRef = B5FE5544144C765300EFD75F /* test-cocoa.cpp */; };
		B5FE555B144C7FFF00EFD75F /* glut.cpp in Sources */ = {isa = PBXBuildFile; fileRef = B5E8FF89143E0BEE007AE498 /* glut.cpp */; };
		B5FE555C144C7FFF00EFD75F /* gl.cpp in Sources */ = {isa = PBXBuildFile; fileRef = B53669A814481499001374A8 /* gl.cpp */; };
		B5FE555D144C7FFF00EFD75F /* cocoa.mm in Sources */ = {isa = PBXBuildFile; fileRef = B5FE5516144AEB9000EFD75F /* cocoa.mm */; };
		B5FE555E144C7FFF00EFD75F /* types.cpp in Sources */ = {isa = PBXBuildFile; fileRef = B5E8FF7C143DA7FE007AE498 /* types.cpp */; };
		B5FE555F144C7FFF00EFD75F /* engine.cpp in Sources */ = {isa = PBXBuildFile; fileRef = B5E8FF80143DF114007AE498 /* engine.cpp */; };
		B5FE5560144C7FFF00EFD75F /* event.cpp in Sources */ = {isa = PBXBuildFile; fileRef = B5E8FF8F14446524007AE498 /* event.cpp */; };
		B5FE5561144C7FFF00EFD75F /* image.cpp in Sources */ = {isa = PBXBuildFile; fileRef = B53669AA14482CD5001374A8 /* image.cpp */; };
		B5FE5562144C7FFF00EFD75F /* string.cpp in Sources */ = {isa = PBXBuildFile; fileRef = B50947A2142B978B00F3449C /* string.cpp */; };
		B5FE5563144C7FFF00EFD75F /* test.cpp in Sources */ = {isa = PBXBuildFile; fileRef = B50947B0142C87C300F3449C /* test.cpp */; };
		B5FE5564144C7FFF00EFD75F /* numeric.cpp in Sources */ = {isa = PBXBuildFile; fileRef = B50947CF1430C66400F3449C /* numeric.cpp */; };
		B5FE5565144C7FFF00EFD75F /* parsing.cpp in Sources */ = {isa = PBXBuildFile; fileRef = B5E8FF84143DF8FF007AE498 /* parsing.cpp */; };
		B5FE5566144C7FFF00EFD75F /* timing.cpp in Sources */ = {isa = PBXBuildFile; fileRef = B53669A41447371A001374A8 /* timing.cpp */; };
		B5FE5569144C806100EFD75F /* Karen.framework in Frameworks */ = {isa = PBXBuildFile; fileRef = B5FE554F144C7F2B00EFD75F /* Karen.framework */; };
		B5FE556A144C806B00EFD75F /* Karen.framework in Resources */ = {isa = PBXBuildFile; fileRef = B5FE554F144C7F2B00EFD75F /* Karen.framework */; };
		B5FE556D144C80D300EFD75F /* Karen.framework in Frameworks */ = {isa = PBXBuildFile; fileRef = B5FE554F144C7F2B00EFD75F /* Karen.framework */; };
		B5FE556E144C80D900EFD75F /* Karen.framework in Frameworks */ = {isa = PBXBuildFile; fileRef = B5FE554F144C7F2B00EFD75F /* Karen.framework */; };
/* End PBXBuildFile section */

/* Begin PBXContainerItemProxy section */
		B5FE556B144C807000EFD75F /* PBXContainerItemProxy */ = {
			isa = PBXContainerItemProxy;
			containerPortal = B509476D142B86AF00F3449C /* Project object */;
			proxyType = 1;
			remoteGlobalIDString = B5FE554E144C7F2B00EFD75F;
			remoteInfo = Karen;
		};
/* End PBXContainerItemProxy section */

/* Begin PBXCopyFilesBuildPhase section */
		B50947B5142C8CFB00F3449C /* CopyFiles */ = {
			isa = PBXCopyFilesBuildPhase;
			buildActionMask = 2147483647;
			dstPath = /usr/share/man/man1/;
			dstSubfolderSpec = 0;
			files = (
			);
			runOnlyForDeploymentPostprocessing = 1;
		};
		B53669B214487826001374A8 /* CopyFiles */ = {
			isa = PBXCopyFilesBuildPhase;
			buildActionMask = 2147483647;
			dstPath = /usr/share/man/man1/;
			dstSubfolderSpec = 0;
			files = (
			);
			runOnlyForDeploymentPostprocessing = 1;
		};
/* End PBXCopyFilesBuildPhase section */

/* Begin PBXFileReference section */
		B5080E4615219CFA00DC495A /* buffer.cpp */ = {isa = PBXFileReference; fileEncoding = 4; lastKnownFileType = sourcecode.cpp.cpp; name = buffer.cpp; path = src/utils/buffer.cpp; sourceTree = "<group>"; };
		B5080E4715219CFA00DC495A /* exception.cpp */ = {isa = PBXFileReference; fileEncoding = 4; lastKnownFileType = sourcecode.cpp.cpp; name = exception.cpp; path = src/utils/exception.cpp; sourceTree = "<group>"; };
		B5080E4815219CFA00DC495A /* file-posix.cpp */ = {isa = PBXFileReference; fileEncoding = 4; lastKnownFileType = sourcecode.cpp.cpp; name = "file-posix.cpp"; path = "src/utils/file-posix.cpp"; sourceTree = "<group>"; };
		B5080E4915219CFA00DC495A /* file.cpp */ = {isa = PBXFileReference; fileEncoding = 4; lastKnownFileType = sourcecode.cpp.cpp; name = file.cpp; path = src/utils/file.cpp; sourceTree = "<group>"; };
		B5080E4E15219D1600DC495A /* buffer.h */ = {isa = PBXFileReference; fileEncoding = 4; lastKnownFileType = sourcecode.c.h; name = buffer.h; path = include/utils/buffer.h; sourceTree = "<group>"; };
		B5080E4F15219D1600DC495A /* file-posix.h */ = {isa = PBXFileReference; fileEncoding = 4; lastKnownFileType = sourcecode.c.h; name = "file-posix.h"; path = "include/utils/file-posix.h"; sourceTree = "<group>"; };
		B5080E5015219D1600DC495A /* file.h */ = {isa = PBXFileReference; fileEncoding = 4; lastKnownFileType = sourcecode.c.h; name = file.h; path = include/utils/file.h; sourceTree = "<group>"; };
		B5080E5115219D1600DC495A /* iterator.h */ = {isa = PBXFileReference; fileEncoding = 4; lastKnownFileType = sourcecode.c.h; name = iterator.h; path = include/utils/iterator.h; sourceTree = "<group>"; };
		B5080E5215219D1600DC495A /* stream.h */ = {isa = PBXFileReference; fileEncoding = 4; lastKnownFileType = sourcecode.c.h; name = stream.h; path = include/utils/stream.h; sourceTree = "<group>"; };
		B5080E5815219DE900DC495A /* bitmap.h */ = {isa = PBXFileReference; fileEncoding = 4; lastKnownFileType = sourcecode.c.h; name = bitmap.h; path = include/ui/bitmap.h; sourceTree = "<group>"; };
		B5080E5915219DEA00DC495A /* button.h */ = {isa = PBXFileReference; fileEncoding = 4; lastKnownFileType = sourcecode.c.h; name = button.h; path = include/ui/button.h; sourceTree = "<group>"; };
		B5080E5A15219DEA00DC495A /* widget.h */ = {isa = PBXFileReference; fileEncoding = 4; lastKnownFileType = sourcecode.c.h; name = widget.h; path = include/ui/widget.h; sourceTree = "<group>"; };
		B5080E5B15219DEA00DC495A /* window.h */ = {isa = PBXFileReference; fileEncoding = 4; lastKnownFileType = sourcecode.c.h; name = window.h; path = include/ui/window.h; sourceTree = "<group>"; };
		B5080E6015219DF600DC495A /* ft.h */ = {isa = PBXFileReference; fileEncoding = 4; lastKnownFileType = sourcecode.c.h; name = ft.h; path = include/ui/core/ft.h; sourceTree = "<group>"; };
		B5080E6215219E0A00DC495A /* bitmap.cpp */ = {isa = PBXFileReference; fileEncoding = 4; lastKnownFileType = sourcecode.cpp.cpp; name = bitmap.cpp; path = src/ui/bitmap.cpp; sourceTree = "<group>"; };
		B5080E6315219E0A00DC495A /* button.cpp */ = {isa = PBXFileReference; fileEncoding = 4; lastKnownFileType = sourcecode.cpp.cpp; name = button.cpp; path = src/ui/button.cpp; sourceTree = "<group>"; };
		B5080E6415219E0A00DC495A /* widget.cpp */ = {isa = PBXFileReference; fileEncoding = 4; lastKnownFileType = sourcecode.cpp.cpp; name = widget.cpp; path = src/ui/widget.cpp; sourceTree = "<group>"; };
		B5080E6815219E1500DC495A /* ft.cpp */ = {isa = PBXFileReference; fileEncoding = 4; lastKnownFileType = sourcecode.cpp.cpp; name = ft.cpp; path = src/ui/core/ft.cpp; sourceTree = "<group>"; };
		B5080E6A15219EF700DC495A /* OpenGL.framework */ = {isa = PBXFileReference; lastKnownFileType = wrapper.framework; name = OpenGL.framework; path = Platforms/MacOSX.platform/Developer/SDKs/MacOSX10.7.sdk/System/Library/Frameworks/OpenGL.framework; sourceTree = DEVELOPER_DIR; };
		B5080E6C15219F0000DC495A /* GLUT.framework */ = {isa = PBXFileReference; lastKnownFileType = wrapper.framework; name = GLUT.framework; path = Platforms/MacOSX.platform/Developer/SDKs/MacOSX10.7.sdk/System/Library/Frameworks/GLUT.framework; sourceTree = DEVELOPER_DIR; };
		B5080E6E15219F0A00DC495A /* Cocoa.framework */ = {isa = PBXFileReference; lastKnownFileType = wrapper.framework; name = Cocoa.framework; path = Platforms/MacOSX.platform/Developer/SDKs/MacOSX10.7.sdk/System/Library/Frameworks/Cocoa.framework; sourceTree = DEVELOPER_DIR; };
		B5080E701521A06B00DC495A /* FreeType.framework */ = {isa = PBXFileReference; lastKnownFileType = wrapper.framework; name = FreeType.framework; path = Platforms/MacOSX.platform/Developer/SDKs/MacOSX10.7.sdk/Library/Frameworks/FreeType.framework; sourceTree = DEVELOPER_DIR; };
		B509478A142B878100F3449C /* types.h */ = {isa = PBXFileReference; fileEncoding = 4; lastKnownFileType = sourcecode.c.h; name = types.h; path = include/utils/types.h; sourceTree = "<group>"; };
		B509479E142B8AC800F3449C /* exception.h */ = {isa = PBXFileReference; fileEncoding = 4; lastKnownFileType = sourcecode.c.h; name = exception.h; path = include/utils/exception.h; sourceTree = "<group>"; };
		B50947A2142B978B00F3449C /* string.cpp */ = {isa = PBXFileReference; fileEncoding = 4; lastKnownFileType = sourcecode.cpp.cpp; name = string.cpp; path = src/utils/string.cpp; sourceTree = "<group>"; };
		B50947A4142B9A9400F3449C /* string.h */ = {isa = PBXFileReference; fileEncoding = 4; lastKnownFileType = sourcecode.c.h; name = string.h; path = include/utils/string.h; sourceTree = "<group>"; };
		B50947AC142BA93100F3449C /* collection.h */ = {isa = PBXFileReference; fileEncoding = 4; lastKnownFileType = sourcecode.c.h; name = collection.h; path = include/utils/collection.h; sourceTree = "<group>"; };
		B50947AE142C85CD00F3449C /* test.h */ = {isa = PBXFileReference; fileEncoding = 4; lastKnownFileType = sourcecode.c.h; name = test.h; path = include/utils/test.h; sourceTree = "<group>"; };
		B50947B0142C87C300F3449C /* test.cpp */ = {isa = PBXFileReference; fileEncoding = 4; lastKnownFileType = sourcecode.cpp.cpp; name = test.cpp; path = src/utils/test.cpp; sourceTree = "<group>"; };
		B50947B7142C8CFB00F3449C /* test-utils */ = {isa = PBXFileReference; explicitFileType = "compiled.mach-o.executable"; includeInIndex = 0; path = "test-utils"; sourceTree = BUILT_PRODUCTS_DIR; };
		B50947C1142C8D2400F3449C /* test-utils.cpp */ = {isa = PBXFileReference; fileEncoding = 4; lastKnownFileType = sourcecode.cpp.cpp; name = "test-utils.cpp"; path = "test/test-utils.cpp"; sourceTree = "<group>"; };
		B50947CA1430B39600F3449C /* pointer.h */ = {isa = PBXFileReference; fileEncoding = 4; lastKnownFileType = sourcecode.c.h; name = pointer.h; path = include/utils/pointer.h; sourceTree = "<group>"; };
		B50947CD1430C4B700F3449C /* numeric.h */ = {isa = PBXFileReference; fileEncoding = 4; lastKnownFileType = sourcecode.c.h; name = numeric.h; path = include/utils/numeric.h; sourceTree = "<group>"; };
		B50947CF1430C66400F3449C /* numeric.cpp */ = {isa = PBXFileReference; fileEncoding = 4; lastKnownFileType = sourcecode.cpp.cpp; name = numeric.cpp; path = src/utils/numeric.cpp; sourceTree = "<group>"; };
		B5312DF11431B7F300D24DAE /* platform.h */ = {isa = PBXFileReference; fileEncoding = 4; lastKnownFileType = sourcecode.c.h; name = platform.h; path = include/utils/platform.h; sourceTree = "<group>"; };
		B53669A114473495001374A8 /* timing.h */ = {isa = PBXFileReference; fileEncoding = 4; lastKnownFileType = sourcecode.c.h; name = timing.h; path = include/utils/timing.h; sourceTree = "<group>"; };
		B53669A41447371A001374A8 /* timing.cpp */ = {isa = PBXFileReference; fileEncoding = 4; lastKnownFileType = sourcecode.cpp.cpp; name = timing.cpp; path = src/utils/timing.cpp; sourceTree = "<group>"; };
		B53669A614481335001374A8 /* gl.h */ = {isa = PBXFileReference; fileEncoding = 4; lastKnownFileType = sourcecode.c.h; name = gl.h; path = include/ui/core/gl.h; sourceTree = "<group>"; };
		B53669A814481499001374A8 /* gl.cpp */ = {isa = PBXFileReference; fileEncoding = 4; lastKnownFileType = sourcecode.cpp.cpp; name = gl.cpp; path = src/ui/core/gl.cpp; sourceTree = "<group>"; };
		B53669AA14482CD5001374A8 /* image.cpp */ = {isa = PBXFileReference; fileEncoding = 4; lastKnownFileType = sourcecode.cpp.cpp; name = image.cpp; path = src/ui/image.cpp; sourceTree = "<group>"; };
		B53669B414487826001374A8 /* test-glut */ = {isa = PBXFileReference; explicitFileType = "compiled.mach-o.executable"; includeInIndex = 0; path = "test-glut"; sourceTree = BUILT_PRODUCTS_DIR; };
		B53669BF14487848001374A8 /* test-glut.cpp */ = {isa = PBXFileReference; fileEncoding = 4; lastKnownFileType = sourcecode.cpp.cpp; name = "test-glut.cpp"; path = "test/test-glut.cpp"; sourceTree = "<group>"; };
		B5BEB8771526F4A100BD1F7F /* collection-inl.h */ = {isa = PBXFileReference; lastKnownFileType = sourcecode.c.h; name = "collection-inl.h"; path = "include/utils/collection-inl.h"; sourceTree = "<group>"; };
		B5E8FF71143C95E1007AE498 /* app.h */ = {isa = PBXFileReference; fileEncoding = 4; lastKnownFileType = sourcecode.c.h; name = app.h; path = include/app.h; sourceTree = "<group>"; };
		B5E8FF75143C983F007AE498 /* engine.h */ = {isa = PBXFileReference; fileEncoding = 4; lastKnownFileType = sourcecode.c.h; name = engine.h; path = include/ui/engine.h; sourceTree = "<group>"; };
		B5E8FF77143C9935007AE498 /* draw.h */ = {isa = PBXFileReference; fileEncoding = 4; lastKnownFileType = sourcecode.c.h; name = draw.h; path = include/ui/draw.h; sourceTree = "<group>"; };
		B5E8FF79143C9C72007AE498 /* types.h */ = {isa = PBXFileReference; fileEncoding = 4; lastKnownFileType = sourcecode.c.h; name = types.h; path = include/ui/types.h; sourceTree = "<group>"; };
		B5E8FF7C143DA7FE007AE498 /* types.cpp */ = {isa = PBXFileReference; fileEncoding = 4; lastKnownFileType = sourcecode.cpp.cpp; name = types.cpp; path = src/ui/types.cpp; sourceTree = "<group>"; };
		B5E8FF7E143DBB50007AE498 /* image.h */ = {isa = PBXFileReference; fileEncoding = 4; lastKnownFileType = sourcecode.c.h; name = image.h; path = include/ui/image.h; sourceTree = "<group>"; };
		B5E8FF80143DF114007AE498 /* engine.cpp */ = {isa = PBXFileReference; fileEncoding = 4; lastKnownFileType = sourcecode.cpp.cpp; name = engine.cpp; path = src/ui/engine.cpp; sourceTree = "<group>"; };
		B5E8FF82143DF850007AE498 /* parsing.h */ = {isa = PBXFileReference; fileEncoding = 4; lastKnownFileType = sourcecode.c.h; name = parsing.h; path = include/utils/parsing.h; sourceTree = "<group>"; };
		B5E8FF84143DF8FF007AE498 /* parsing.cpp */ = {isa = PBXFileReference; fileEncoding = 4; lastKnownFileType = sourcecode.cpp.cpp; name = parsing.cpp; path = src/utils/parsing.cpp; sourceTree = "<group>"; };
		B5E8FF87143E0B7B007AE498 /* glut.h */ = {isa = PBXFileReference; fileEncoding = 4; lastKnownFileType = sourcecode.c.h; name = glut.h; path = include/ui/core/glut.h; sourceTree = "<group>"; };
		B5E8FF89143E0BEE007AE498 /* glut.cpp */ = {isa = PBXFileReference; fileEncoding = 4; lastKnownFileType = sourcecode.cpp.cpp; name = glut.cpp; path = src/ui/core/glut.cpp; sourceTree = "<group>"; };
		B5E8FF8B143E0DD7007AE498 /* loop.h */ = {isa = PBXFileReference; fileEncoding = 4; lastKnownFileType = sourcecode.c.h; name = loop.h; path = include/ui/loop.h; sourceTree = "<group>"; };
		B5E8FF8D143E1272007AE498 /* event.h */ = {isa = PBXFileReference; fileEncoding = 4; lastKnownFileType = sourcecode.c.h; name = event.h; path = include/ui/event.h; sourceTree = "<group>"; };
		B5E8FF8F14446524007AE498 /* event.cpp */ = {isa = PBXFileReference; fileEncoding = 4; lastKnownFileType = sourcecode.cpp.cpp; name = event.cpp; path = src/ui/event.cpp; sourceTree = "<group>"; };
		B5E8FF911444C333007AE498 /* timer.h */ = {isa = PBXFileReference; fileEncoding = 4; lastKnownFileType = sourcecode.c.h; name = timer.h; path = include/ui/timer.h; sourceTree = "<group>"; };
		B5FE5512144AEA7000EFD75F /* cocoa.h */ = {isa = PBXFileReference; fileEncoding = 4; lastKnownFileType = sourcecode.c.h; name = cocoa.h; path = include/ui/core/cocoa.h; sourceTree = "<group>"; };
		B5FE5516144AEB9000EFD75F /* cocoa.mm */ = {isa = PBXFileReference; fileEncoding = 4; lastKnownFileType = sourcecode.cpp.objcpp; name = cocoa.mm; path = src/ui/core/cocoa.mm; sourceTree = "<group>"; };
		B5FE5528144C762100EFD75F /* test-cocoa.app */ = {isa = PBXFileReference; explicitFileType = wrapper.application; includeInIndex = 0; path = "test-cocoa.app"; sourceTree = BUILT_PRODUCTS_DIR; };
		B5FE552C144C762200EFD75F /* AppKit.framework */ = {isa = PBXFileReference; lastKnownFileType = wrapper.framework; name = AppKit.framework; path = System/Library/Frameworks/AppKit.framework; sourceTree = SDKROOT; };
		B5FE552D144C762200EFD75F /* CoreData.framework */ = {isa = PBXFileReference; lastKnownFileType = wrapper.framework; name = CoreData.framework; path = System/Library/Frameworks/CoreData.framework; sourceTree = SDKROOT; };
		B5FE552E144C762200EFD75F /* Foundation.framework */ = {isa = PBXFileReference; lastKnownFileType = wrapper.framework; name = Foundation.framework; path = System/Library/Frameworks/Foundation.framework; sourceTree = SDKROOT; };
		B5FE5544144C765300EFD75F /* test-cocoa.cpp */ = {isa = PBXFileReference; fileEncoding = 4; lastKnownFileType = sourcecode.cpp.cpp; name = "test-cocoa.cpp"; path = "test/test-cocoa.cpp"; sourceTree = "<group>"; };
		B5FE5547144C771300EFD75F /* test-cocoa.plist */ = {isa = PBXFileReference; fileEncoding = 4; lastKnownFileType = text.plist.xml; name = "test-cocoa.plist"; path = "test/test-cocoa.plist"; sourceTree = "<group>"; };
		B5FE554F144C7F2B00EFD75F /* Karen.framework */ = {isa = PBXFileReference; explicitFileType = wrapper.framework; includeInIndex = 0; path = Karen.framework; sourceTree = BUILT_PRODUCTS_DIR; };
		B5FE5570144C810700EFD75F /* Karen-Info.plist */ = {isa = PBXFileReference; fileEncoding = 4; lastKnownFileType = text.plist.xml; name = "Karen-Info.plist"; path = "resource/Karen-Info.plist"; sourceTree = "<group>"; };
/* End PBXFileReference section */

/* Begin PBXFrameworksBuildPhase section */
		B50947B4142C8CFB00F3449C /* Frameworks */ = {
			isa = PBXFrameworksBuildPhase;
			buildActionMask = 2147483647;
			files = (
				B5FE556E144C80D900EFD75F /* Karen.framework in Frameworks */,
			);
			runOnlyForDeploymentPostprocessing = 0;
		};
		B53669B114487826001374A8 /* Frameworks */ = {
			isa = PBXFrameworksBuildPhase;
			buildActionMask = 2147483647;
			files = (
				B5FE556D144C80D300EFD75F /* Karen.framework in Frameworks */,
			);
			runOnlyForDeploymentPostprocessing = 0;
		};
		B5FE5525144C762100EFD75F /* Frameworks */ = {
			isa = PBXFrameworksBuildPhase;
			buildActionMask = 2147483647;
			files = (
				B5FE5569144C806100EFD75F /* Karen.framework in Frameworks */,
			);
			runOnlyForDeploymentPostprocessing = 0;
		};
		B5FE554B144C7F2B00EFD75F /* Frameworks */ = {
			isa = PBXFrameworksBuildPhase;
			buildActionMask = 2147483647;
			files = (
				B5080E6B15219EF700DC495A /* OpenGL.framework in Frameworks */,
				B5080E6D15219F0000DC495A /* GLUT.framework in Frameworks */,
				B5080E6F15219F0A00DC495A /* Cocoa.framework in Frameworks */,
				B5080E711521A06B00DC495A /* FreeType.framework in Frameworks */,
			);
			runOnlyForDeploymentPostprocessing = 0;
		};
/* End PBXFrameworksBuildPhase section */

/* Begin PBXGroup section */
		B509476B142B86AF00F3449C = {
			isa = PBXGroup;
			children = (
				B5094788142B873200F3449C /* Headers */,
				B5094774142B86CB00F3449C /* Sources */,
				B50947B2142C8CCD00F3449C /* Tests */,
				B5FE556F144C80F500EFD75F /* Resources */,
				B50947A6142BA3A400F3449C /* Frameworks */,
				B509477A142B86F200F3449C /* Products */,
			);
			sourceTree = "<group>";
		};
		B5094774142B86CB00F3449C /* Sources */ = {
			isa = PBXGroup;
			children = (
				B5E8FF7B143DA7E4007AE498 /* UI */,
				B50947AB142BA7C400F3449C /* Utils */,
			);
			name = Sources;
			sourceTree = "<group>";
		};
		B509477A142B86F200F3449C /* Products */ = {
			isa = PBXGroup;
			children = (
				B50947B7142C8CFB00F3449C /* test-utils */,
				B53669B414487826001374A8 /* test-glut */,
				B5FE5528144C762100EFD75F /* test-cocoa.app */,
				B5FE554F144C7F2B00EFD75F /* Karen.framework */,
			);
			name = Products;
			sourceTree = "<group>";
		};
		B5094788142B873200F3449C /* Headers */ = {
			isa = PBXGroup;
			children = (
				B5E8FF74143C9811007AE498 /* UI */,
				B5094789142B874B00F3449C /* Utils */,
				B5E8FF71143C95E1007AE498 /* app.h */,
			);
			name = Headers;
			sourceTree = "<group>";
		};
		B5094789142B874B00F3449C /* Utils */ = {
			isa = PBXGroup;
			children = (
				B5080E4E15219D1600DC495A /* buffer.h */,
				B5080E4F15219D1600DC495A /* file-posix.h */,
				B5080E5015219D1600DC495A /* file.h */,
				B5080E5115219D1600DC495A /* iterator.h */,
				B5080E5215219D1600DC495A /* stream.h */,
				B509478A142B878100F3449C /* types.h */,
				B509479E142B8AC800F3449C /* exception.h */,
				B50947A4142B9A9400F3449C /* string.h */,
				B50947AC142BA93100F3449C /* collection.h */,
				B5BEB8771526F4A100BD1F7F /* collection-inl.h */,
				B50947AE142C85CD00F3449C /* test.h */,
				B50947CA1430B39600F3449C /* pointer.h */,
				B50947CD1430C4B700F3449C /* numeric.h */,
				B5312DF11431B7F300D24DAE /* platform.h */,
				B5E8FF82143DF850007AE498 /* parsing.h */,
				B53669A114473495001374A8 /* timing.h */,
			);
			name = Utils;
			sourceTree = "<group>";
		};
		B50947A6142BA3A400F3449C /* Frameworks */ = {
			isa = PBXGroup;
			children = (
				B5080E701521A06B00DC495A /* FreeType.framework */,
				B5080E6E15219F0A00DC495A /* Cocoa.framework */,
				B5080E6C15219F0000DC495A /* GLUT.framework */,
				B5080E6A15219EF700DC495A /* OpenGL.framework */,
				B5FE552B144C762200EFD75F /* Other Frameworks */,
			);
			name = Frameworks;
			sourceTree = "<group>";
		};
		B50947AB142BA7C400F3449C /* Utils */ = {
			isa = PBXGroup;
			children = (
				B5080E4615219CFA00DC495A /* buffer.cpp */,
				B5080E4715219CFA00DC495A /* exception.cpp */,
				B5080E4815219CFA00DC495A /* file-posix.cpp */,
				B5080E4915219CFA00DC495A /* file.cpp */,
				B50947A2142B978B00F3449C /* string.cpp */,
				B50947B0142C87C300F3449C /* test.cpp */,
				B50947CF1430C66400F3449C /* numeric.cpp */,
				B5E8FF84143DF8FF007AE498 /* parsing.cpp */,
				B53669A41447371A001374A8 /* timing.cpp */,
			);
			name = Utils;
			sourceTree = "<group>";
		};
		B50947B2142C8CCD00F3449C /* Tests */ = {
			isa = PBXGroup;
			children = (
				B5FE5547144C771300EFD75F /* test-cocoa.plist */,
				B50947C1142C8D2400F3449C /* test-utils.cpp */,
				B53669BF14487848001374A8 /* test-glut.cpp */,
				B5FE5544144C765300EFD75F /* test-cocoa.cpp */,
			);
			name = Tests;
			sourceTree = "<group>";
		};
		B5E8FF74143C9811007AE498 /* UI */ = {
			isa = PBXGroup;
			children = (
				B5E8FF86143E0B52007AE498 /* Core */,
				B5080E5815219DE900DC495A /* bitmap.h */,
				B5080E5915219DEA00DC495A /* button.h */,
				B5080E5A15219DEA00DC495A /* widget.h */,
				B5080E5B15219DEA00DC495A /* window.h */,
				B5E8FF75143C983F007AE498 /* engine.h */,
				B5E8FF77143C9935007AE498 /* draw.h */,
				B5E8FF79143C9C72007AE498 /* types.h */,
				B5E8FF7E143DBB50007AE498 /* image.h */,
				B5E8FF8B143E0DD7007AE498 /* loop.h */,
				B5E8FF8D143E1272007AE498 /* event.h */,
				B5E8FF911444C333007AE498 /* timer.h */,
			);
			name = UI;
			sourceTree = "<group>";
		};
		B5E8FF7B143DA7E4007AE498 /* UI */ = {
			isa = PBXGroup;
			children = (
				B5E8FF931444C6DD007AE498 /* Core */,
				B5080E6215219E0A00DC495A /* bitmap.cpp */,
				B5080E6315219E0A00DC495A /* button.cpp */,
				B5080E6415219E0A00DC495A /* widget.cpp */,
				B5E8FF7C143DA7FE007AE498 /* types.cpp */,
				B5E8FF80143DF114007AE498 /* engine.cpp */,
				B5E8FF8F14446524007AE498 /* event.cpp */,
				B53669AA14482CD5001374A8 /* image.cpp */,
			);
			name = UI;
			sourceTree = "<group>";
		};
		B5E8FF86143E0B52007AE498 /* Core */ = {
			isa = PBXGroup;
			children = (
				B5080E6015219DF600DC495A /* ft.h */,
				B5E8FF87143E0B7B007AE498 /* glut.h */,
				B53669A614481335001374A8 /* gl.h */,
				B5FE5512144AEA7000EFD75F /* cocoa.h */,
			);
			name = Core;
			sourceTree = "<group>";
		};
		B5E8FF931444C6DD007AE498 /* Core */ = {
			isa = PBXGroup;
			children = (
				B5080E6815219E1500DC495A /* ft.cpp */,
				B5E8FF89143E0BEE007AE498 /* glut.cpp */,
				B53669A814481499001374A8 /* gl.cpp */,
				B5FE5516144AEB9000EFD75F /* cocoa.mm */,
			);
			name = Core;
			sourceTree = "<group>";
		};
		B5FE552B144C762200EFD75F /* Other Frameworks */ = {
			isa = PBXGroup;
			children = (
				B5FE552C144C762200EFD75F /* AppKit.framework */,
				B5FE552D144C762200EFD75F /* CoreData.framework */,
				B5FE552E144C762200EFD75F /* Foundation.framework */,
			);
			name = "Other Frameworks";
			sourceTree = "<group>";
		};
		B5FE556F144C80F500EFD75F /* Resources */ = {
			isa = PBXGroup;
			children = (
				B5FE5570144C810700EFD75F /* Karen-Info.plist */,
			);
			name = Resources;
			sourceTree = "<group>";
		};
/* End PBXGroup section */

/* Begin PBXHeadersBuildPhase section */
		B5FE554C144C7F2B00EFD75F /* Headers */ = {
			isa = PBXHeadersBuildPhase;
			buildActionMask = 2147483647;
			files = (
				B5080E5315219D1600DC495A /* buffer.h in Headers */,
				B5080E5415219D1600DC495A /* file-posix.h in Headers */,
				B5080E5515219D1600DC495A /* file.h in Headers */,
				B5080E5615219D1600DC495A /* iterator.h in Headers */,
				B5080E5715219D1600DC495A /* stream.h in Headers */,
				B5080E5C15219DEA00DC495A /* bitmap.h in Headers */,
				B5080E5D15219DEA00DC495A /* button.h in Headers */,
				B5080E5E15219DEA00DC495A /* widget.h in Headers */,
				B5080E5F15219DEA00DC495A /* window.h in Headers */,
				B5080E6115219DF600DC495A /* ft.h in Headers */,
			);
			runOnlyForDeploymentPostprocessing = 0;
		};
/* End PBXHeadersBuildPhase section */

/* Begin PBXNativeTarget section */
		B50947B6142C8CFB00F3449C /* test-utils */ = {
			isa = PBXNativeTarget;
			buildConfigurationList = B50947BE142C8CFB00F3449C /* Build configuration list for PBXNativeTarget "test-utils" */;
			buildPhases = (
				B50947B3142C8CFB00F3449C /* Sources */,
				B50947B4142C8CFB00F3449C /* Frameworks */,
				B50947B5142C8CFB00F3449C /* CopyFiles */,
			);
			buildRules = (
			);
			dependencies = (
			);
			name = "test-utils";
			productName = "test-utils.cpp";
			productReference = B50947B7142C8CFB00F3449C /* test-utils */;
			productType = "com.apple.product-type.tool";
		};
		B53669B314487826001374A8 /* test-glut */ = {
			isa = PBXNativeTarget;
			buildConfigurationList = B53669BD14487826001374A8 /* Build configuration list for PBXNativeTarget "test-glut" */;
			buildPhases = (
				B53669B014487826001374A8 /* Sources */,
				B53669B114487826001374A8 /* Frameworks */,
				B53669B214487826001374A8 /* CopyFiles */,
			);
			buildRules = (
			);
			dependencies = (
			);
			name = "test-glut";
			productName = "test-glut";
			productReference = B53669B414487826001374A8 /* test-glut */;
			productType = "com.apple.product-type.tool";
		};
		B5FE5527144C762100EFD75F /* test-cocoa */ = {
			isa = PBXNativeTarget;
			buildConfigurationList = B5FE5541144C762200EFD75F /* Build configuration list for PBXNativeTarget "test-cocoa" */;
			buildPhases = (
				B5FE5524144C762100EFD75F /* Sources */,
				B5FE5525144C762100EFD75F /* Frameworks */,
				B5FE5526144C762100EFD75F /* Resources */,
			);
			buildRules = (
			);
			dependencies = (
				B5FE556C144C807000EFD75F /* PBXTargetDependency */,
			);
			name = "test-cocoa";
			productName = "test-cocoa";
			productReference = B5FE5528144C762100EFD75F /* test-cocoa.app */;
			productType = "com.apple.product-type.application";
		};
		B5FE554E144C7F2B00EFD75F /* Karen */ = {
			isa = PBXNativeTarget;
			buildConfigurationList = B5FE5558144C7F2C00EFD75F /* Build configuration list for PBXNativeTarget "Karen" */;
			buildPhases = (
				B5FE554A144C7F2B00EFD75F /* Sources */,
				B5FE554B144C7F2B00EFD75F /* Frameworks */,
				B5FE554C144C7F2B00EFD75F /* Headers */,
				B5FE554D144C7F2B00EFD75F /* Resources */,
			);
			buildRules = (
			);
			dependencies = (
			);
			name = Karen;
			productName = Karen;
			productReference = B5FE554F144C7F2B00EFD75F /* Karen.framework */;
			productType = "com.apple.product-type.framework";
		};
/* End PBXNativeTarget section */

/* Begin PBXProject section */
		B509476D142B86AF00F3449C /* Project object */ = {
			isa = PBXProject;
			attributes = {
				LastUpgradeCheck = 0430;
			};
			buildConfigurationList = B5094770142B86AF00F3449C /* Build configuration list for PBXProject "Karen" */;
			compatibilityVersion = "Xcode 3.2";
			developmentRegion = English;
			hasScannedForEncodings = 0;
			knownRegions = (
				en,
			);
			mainGroup = B509476B142B86AF00F3449C;
			productRefGroup = B509477A142B86F200F3449C /* Products */;
			projectDirPath = "";
			projectRoot = "";
			targets = (
				B5FE554E144C7F2B00EFD75F /* Karen */,
				B50947B6142C8CFB00F3449C /* test-utils */,
				B53669B314487826001374A8 /* test-glut */,
				B5FE5527144C762100EFD75F /* test-cocoa */,
			);
		};
/* End PBXProject section */

/* Begin PBXResourcesBuildPhase section */
		B5FE5526144C762100EFD75F /* Resources */ = {
			isa = PBXResourcesBuildPhase;
			buildActionMask = 2147483647;
			files = (
				B5FE556A144C806B00EFD75F /* Karen.framework in Resources */,
			);
			runOnlyForDeploymentPostprocessing = 0;
		};
		B5FE554D144C7F2B00EFD75F /* Resources */ = {
			isa = PBXResourcesBuildPhase;
			buildActionMask = 2147483647;
			files = (
			);
			runOnlyForDeploymentPostprocessing = 0;
		};
/* End PBXResourcesBuildPhase section */

/* Begin PBXSourcesBuildPhase section */
		B50947B3142C8CFB00F3449C /* Sources */ = {
			isa = PBXSourcesBuildPhase;
			buildActionMask = 2147483647;
			files = (
				B50947C2142C8D2400F3449C /* test-utils.cpp in Sources */,
			);
			runOnlyForDeploymentPostprocessing = 0;
		};
		B53669B014487826001374A8 /* Sources */ = {
			isa = PBXSourcesBuildPhase;
			buildActionMask = 2147483647;
			files = (
				B53669C014487848001374A8 /* test-glut.cpp in Sources */,
			);
			runOnlyForDeploymentPostprocessing = 0;
		};
		B5FE5524144C762100EFD75F /* Sources */ = {
			isa = PBXSourcesBuildPhase;
			buildActionMask = 2147483647;
			files = (
				B5FE5545144C765300EFD75F /* test-cocoa.cpp in Sources */,
			);
			runOnlyForDeploymentPostprocessing = 0;
		};
		B5FE554A144C7F2B00EFD75F /* Sources */ = {
			isa = PBXSourcesBuildPhase;
			buildActionMask = 2147483647;
			files = (
				B5FE555B144C7FFF00EFD75F /* glut.cpp in Sources */,
				B5FE555C144C7FFF00EFD75F /* gl.cpp in Sources */,
				B5FE555D144C7FFF00EFD75F /* cocoa.mm in Sources */,
				B5FE555E144C7FFF00EFD75F /* types.cpp in Sources */,
				B5FE555F144C7FFF00EFD75F /* engine.cpp in Sources */,
				B5FE5560144C7FFF00EFD75F /* event.cpp in Sources */,
				B5FE5561144C7FFF00EFD75F /* image.cpp in Sources */,
				B5FE5562144C7FFF00EFD75F /* string.cpp in Sources */,
				B5FE5563144C7FFF00EFD75F /* test.cpp in Sources */,
				B5FE5564144C7FFF00EFD75F /* numeric.cpp in Sources */,
				B5FE5565144C7FFF00EFD75F /* parsing.cpp in Sources */,
				B5FE5566144C7FFF00EFD75F /* timing.cpp in Sources */,
				B5080E4A15219CFA00DC495A /* buffer.cpp in Sources */,
				B5080E4B15219CFA00DC495A /* exception.cpp in Sources */,
				B5080E4C15219CFA00DC495A /* file-posix.cpp in Sources */,
				B5080E4D15219CFA00DC495A /* file.cpp in Sources */,
				B5080E6515219E0A00DC495A /* bitmap.cpp in Sources */,
				B5080E6615219E0A00DC495A /* button.cpp in Sources */,
				B5080E6715219E0A00DC495A /* widget.cpp in Sources */,
				B5080E6915219E1500DC495A /* ft.cpp in Sources */,
			);
			runOnlyForDeploymentPostprocessing = 0;
		};
/* End PBXSourcesBuildPhase section */

/* Begin PBXTargetDependency section */
		B5FE556C144C807000EFD75F /* PBXTargetDependency */ = {
			isa = PBXTargetDependency;
			target = B5FE554E144C7F2B00EFD75F /* Karen */;
			targetProxy = B5FE556B144C807000EFD75F /* PBXContainerItemProxy */;
		};
/* End PBXTargetDependency section */

/* Begin XCBuildConfiguration section */
		B5094772142B86B000F3449C /* Debug */ = {
			isa = XCBuildConfiguration;
			buildSettings = {
				CLANG_CXX_LANGUAGE_STANDARD = "c++0x";
				GCC_ENABLE_CPP_EXCEPTIONS = YES;
				GCC_ENABLE_CPP_RTTI = YES;
				GCC_LINK_WITH_DYNAMIC_LIBRARIES = YES;
				GCC_OPTIMIZATION_LEVEL = 0;
				GCC_VERSION = com.apple.compilers.llvm.clang.1_0;
				USER_HEADER_SEARCH_PATHS = $PROJECT_DIR/include;
				USE_HEADERMAP = NO;
			};
			name = Debug;
		};
		B5094773142B86B000F3449C /* Release */ = {
			isa = XCBuildConfiguration;
			buildSettings = {
				CLANG_CXX_LANGUAGE_STANDARD = "c++0x";
				GCC_ENABLE_CPP_EXCEPTIONS = YES;
				GCC_ENABLE_CPP_RTTI = YES;
				GCC_LINK_WITH_DYNAMIC_LIBRARIES = YES;
				GCC_VERSION = com.apple.compilers.llvm.clang.1_0;
				USER_HEADER_SEARCH_PATHS = $PROJECT_DIR/include;
				USE_HEADERMAP = NO;
			};
			name = Release;
		};
		B50947BF142C8CFB00F3449C /* Debug */ = {
			isa = XCBuildConfiguration;
			buildSettings = {
				ALWAYS_SEARCH_USER_PATHS = YES;
				ARCHS = "$(ARCHS_STANDARD_32_64_BIT)";
				COPY_PHASE_STRIP = NO;
				GCC_OPTIMIZATION_LEVEL = 0;
				MACOSX_DEPLOYMENT_TARGET = 10.6;
				ONLY_ACTIVE_ARCH = YES;
				PRODUCT_NAME = "$(TARGET_NAME)";
				SDKROOT = macosx;
			};
			name = Debug;
		};
		B50947C0142C8CFB00F3449C /* Release */ = {
			isa = XCBuildConfiguration;
			buildSettings = {
				ALWAYS_SEARCH_USER_PATHS = YES;
				ARCHS = "$(ARCHS_STANDARD_32_64_BIT)";
				COPY_PHASE_STRIP = YES;
				DEBUG_INFORMATION_FORMAT = "dwarf-with-dsym";
				GCC_OPTIMIZATION_LEVEL = 0;
				MACOSX_DEPLOYMENT_TARGET = 10.6;
				PRODUCT_NAME = "$(TARGET_NAME)";
				SDKROOT = macosx;
			};
			name = Release;
		};
		B53669BB14487826001374A8 /* Debug */ = {
			isa = XCBuildConfiguration;
			buildSettings = {
				ALWAYS_SEARCH_USER_PATHS = NO;
				ARCHS = "$(ARCHS_STANDARD_32_64_BIT)";
				COPY_PHASE_STRIP = NO;
				GCC_C_LANGUAGE_STANDARD = gnu99;
				GCC_DYNAMIC_NO_PIC = NO;
				GCC_ENABLE_OBJC_EXCEPTIONS = YES;
				GCC_OPTIMIZATION_LEVEL = 0;
				GCC_PREPROCESSOR_DEFINITIONS = (
					"DEBUG=1",
					"$(inherited)",
				);
				GCC_SYMBOLS_PRIVATE_EXTERN = NO;
				GCC_WARN_64_TO_32_BIT_CONVERSION = YES;
				GCC_WARN_ABOUT_MISSING_PROTOTYPES = YES;
				GCC_WARN_ABOUT_RETURN_TYPE = YES;
				GCC_WARN_UNUSED_VARIABLE = YES;
				MACOSX_DEPLOYMENT_TARGET = 10.6;
				ONLY_ACTIVE_ARCH = YES;
				PRODUCT_NAME = "$(TARGET_NAME)";
				SDKROOT = macosx;
			};
			name = Debug;
		};
		B53669BC14487826001374A8 /* Release */ = {
			isa = XCBuildConfiguration;
			buildSettings = {
				ALWAYS_SEARCH_USER_PATHS = NO;
				ARCHS = "$(ARCHS_STANDARD_32_64_BIT)";
				COPY_PHASE_STRIP = YES;
				DEBUG_INFORMATION_FORMAT = "dwarf-with-dsym";
				GCC_C_LANGUAGE_STANDARD = gnu99;
				GCC_ENABLE_OBJC_EXCEPTIONS = YES;
				GCC_OPTIMIZATION_LEVEL = 0;
				GCC_WARN_64_TO_32_BIT_CONVERSION = YES;
				GCC_WARN_ABOUT_MISSING_PROTOTYPES = YES;
				GCC_WARN_ABOUT_RETURN_TYPE = YES;
				GCC_WARN_UNUSED_VARIABLE = YES;
				MACOSX_DEPLOYMENT_TARGET = 10.6;
				PRODUCT_NAME = "$(TARGET_NAME)";
				SDKROOT = macosx;
			};
			name = Release;
		};
		B5FE5542144C762200EFD75F /* Debug */ = {
			isa = XCBuildConfiguration;
			buildSettings = {
				ALWAYS_SEARCH_USER_PATHS = NO;
				ARCHS = "$(ARCHS_STANDARD_32_64_BIT)";
				COPY_PHASE_STRIP = NO;
				GCC_C_LANGUAGE_STANDARD = gnu99;
				GCC_DYNAMIC_NO_PIC = NO;
				GCC_ENABLE_OBJC_EXCEPTIONS = YES;
				GCC_PRECOMPILE_PREFIX_HEADER = NO;
				GCC_PREPROCESSOR_DEFINITIONS = (
					"DEBUG=1",
					"$(inherited)",
				);
				GCC_SYMBOLS_PRIVATE_EXTERN = NO;
				GCC_WARN_64_TO_32_BIT_CONVERSION = YES;
				GCC_WARN_ABOUT_MISSING_PROTOTYPES = YES;
				GCC_WARN_ABOUT_RETURN_TYPE = YES;
				GCC_WARN_UNUSED_VARIABLE = YES;
				INFOPLIST_FILE = "test/test-cocoa.plist";
				MACOSX_DEPLOYMENT_TARGET = 10.6;
				ONLY_ACTIVE_ARCH = YES;
				PRODUCT_NAME = "$(TARGET_NAME)";
				SDKROOT = macosx;
				WRAPPER_EXTENSION = app;
			};
			name = Debug;
		};
		B5FE5543144C762200EFD75F /* Release */ = {
			isa = XCBuildConfiguration;
			buildSettings = {
				ALWAYS_SEARCH_USER_PATHS = NO;
				ARCHS = "$(ARCHS_STANDARD_32_64_BIT)";
				COPY_PHASE_STRIP = YES;
				DEBUG_INFORMATION_FORMAT = "dwarf-with-dsym";
				GCC_C_LANGUAGE_STANDARD = gnu99;
				GCC_ENABLE_OBJC_EXCEPTIONS = YES;
				GCC_PRECOMPILE_PREFIX_HEADER = NO;
				GCC_WARN_64_TO_32_BIT_CONVERSION = YES;
				GCC_WARN_ABOUT_MISSING_PROTOTYPES = YES;
				GCC_WARN_ABOUT_RETURN_TYPE = YES;
				GCC_WARN_UNUSED_VARIABLE = YES;
				INFOPLIST_FILE = "test/test-cocoa.plist";
				MACOSX_DEPLOYMENT_TARGET = 10.6;
				PRODUCT_NAME = "$(TARGET_NAME)";
				SDKROOT = macosx;
				WRAPPER_EXTENSION = app;
			};
			name = Release;
		};
		B5FE5559144C7F2C00EFD75F /* Debug */ = {
			isa = XCBuildConfiguration;
			buildSettings = {
				ALWAYS_SEARCH_USER_PATHS = NO;
				ARCHS = "$(ARCHS_STANDARD_32_64_BIT)";
				COPY_PHASE_STRIP = NO;
				DYLIB_COMPATIBILITY_VERSION = 1;
				DYLIB_CURRENT_VERSION = 1;
				FRAMEWORK_VERSION = A;
				GCC_C_LANGUAGE_STANDARD = gnu99;
				GCC_DYNAMIC_NO_PIC = NO;
				GCC_ENABLE_OBJC_EXCEPTIONS = YES;
				GCC_PREPROCESSOR_DEFINITIONS = (
					"DEBUG=1",
					"$(inherited)",
				);
				GCC_SYMBOLS_PRIVATE_EXTERN = NO;
				GCC_WARN_64_TO_32_BIT_CONVERSION = YES;
				GCC_WARN_ABOUT_MISSING_PROTOTYPES = YES;
				GCC_WARN_ABOUT_RETURN_TYPE = YES;
				GCC_WARN_UNUSED_VARIABLE = YES;
				INFOPLIST_FILE = "resource/Karen-Info.plist";
				INSTALL_PATH = "@executable_path/../Resources";
				MACOSX_DEPLOYMENT_TARGET = 10.6;
				ONLY_ACTIVE_ARCH = YES;
				PRODUCT_NAME = "$(TARGET_NAME)";
				SDKROOT = macosx;
				WRAPPER_EXTENSION = framework;
			};
			name = Debug;
		};
		B5FE555A144C7F2C00EFD75F /* Release */ = {
			isa = XCBuildConfiguration;
			buildSettings = {
				ALWAYS_SEARCH_USER_PATHS = NO;
				ARCHS = "$(ARCHS_STANDARD_32_64_BIT)";
				COPY_PHASE_STRIP = YES;
				DEBUG_INFORMATION_FORMAT = "dwarf-with-dsym";
				DYLIB_COMPATIBILITY_VERSION = 1;
				DYLIB_CURRENT_VERSION = 1;
				FRAMEWORK_VERSION = A;
				GCC_C_LANGUAGE_STANDARD = gnu99;
				GCC_ENABLE_OBJC_EXCEPTIONS = YES;
				GCC_WARN_64_TO_32_BIT_CONVERSION = YES;
				GCC_WARN_ABOUT_MISSING_PROTOTYPES = YES;
				GCC_WARN_ABOUT_RETURN_TYPE = YES;
				GCC_WARN_UNUSED_VARIABLE = YES;
				INFOPLIST_FILE = "resource/Karen-Info.plist";
				INSTALL_PATH = "@executable_path/../Resources";
				MACOSX_DEPLOYMENT_TARGET = 10.6;
				PRODUCT_NAME = "$(TARGET_NAME)";
				SDKROOT = macosx;
				WRAPPER_EXTENSION = framework;
			};
			name = Release;
		};
/* End XCBuildConfiguration section */

/* Begin XCConfigurationList section */
		B5094770142B86AF00F3449C /* Build configuration list for PBXProject "Karen" */ = {
			isa = XCConfigurationList;
			buildConfigurations = (
				B5094772142B86B000F3449C /* Debug */,
				B5094773142B86B000F3449C /* Release */,
			);
			defaultConfigurationIsVisible = 0;
			defaultConfigurationName = Release;
		};
		B50947BE142C8CFB00F3449C /* Build configuration list for PBXNativeTarget "test-utils" */ = {
			isa = XCConfigurationList;
			buildConfigurations = (
				B50947BF142C8CFB00F3449C /* Debug */,
				B50947C0142C8CFB00F3449C /* Release */,
			);
			defaultConfigurationIsVisible = 0;
			defaultConfigurationName = Release;
		};
		B53669BD14487826001374A8 /* Build configuration list for PBXNativeTarget "test-glut" */ = {
			isa = XCConfigurationList;
			buildConfigurations = (
				B53669BB14487826001374A8 /* Debug */,
				B53669BC14487826001374A8 /* Release */,
			);
			defaultConfigurationIsVisible = 0;
			defaultConfigurationName = Release;
		};
		B5FE5541144C762200EFD75F /* Build configuration list for PBXNativeTarget "test-cocoa" */ = {
			isa = XCConfigurationList;
			buildConfigurations = (
				B5FE5542144C762200EFD75F /* Debug */,
				B5FE5543144C762200EFD75F /* Release */,
			);
			defaultConfigurationIsVisible = 0;
			defaultConfigurationName = Release;
		};
		B5FE5558144C7F2C00EFD75F /* Build configuration list for PBXNativeTarget "Karen" */ = {
			isa = XCConfigurationList;
			buildConfigurations = (
				B5FE5559144C7F2C00EFD75F /* Debug */,
				B5FE555A144C7F2C00EFD75F /* Release */,
			);
			defaultConfigurationIsVisible = 0;
			defaultConfigurationName = Release;
		};
/* End XCConfigurationList section */
	};
	rootObject = B509476D142B86AF00F3449C /* Project object */;
}
